{
  "name": "strapi-13",
  "lockfileVersion": 3,
  "requires": true,
  "packages": {
    "": {
      "dependencies": {
        "@unleash/proxy-client-react": "^5.0.1",
        "unleash-proxy-client": "^3.7.8"
      }
    },
    "node_modules/@unleash/proxy-client-react": {
      "version": "5.0.1",
      "resolved": "https://registry.npmjs.org/@unleash/proxy-client-react/-/proxy-client-react-5.0.1.tgz",
      "integrity": "sha512-F/IDo853ghZkGreLWg4fSVSM4NiLg5aZb1Kvr4vG29u5/PB0JLKNgNVdadt+qrlkI1GMzmP7IuFXSnv9A0McRw==",
      "license": "Apache-2.0",
      "engines": {
        "node": ">=16.0.0"
      },
      "peerDependencies": {
        "unleash-proxy-client": "^3.7.3"
      }
    },
    "node_modules/tiny-emitter": {
      "version": "2.1.0",
      "resolved": "https://registry.npmjs.org/tiny-emitter/-/tiny-emitter-2.1.0.tgz",
      "integrity": "sha512-NB6Dk1A9xgQPMoGqC5CVXn123gWyte215ONT5Pp5a0yt4nlEoO1ZWeCwpncaekPHXO60i47ihFnZPiRPjRMq4Q==",
      "license": "MIT"
    },
    "node_modules/unleash-proxy-client": {
      "version": "3.7.8",
      "resolved": "https://registry.npmjs.org/unleash-proxy-client/-/unleash-proxy-client-3.7.8.tgz",
      "integrity": "sha512-VX0jDcOporeVb1nh4+HGpEZIwcwHl/HP/7cyZxQq3umffN0hx44Tw1u4nmdopmm9s7Hb2BES0pFCIntr/lh3vQ==",
      "license": "Apache-2.0",
      "dependencies": {
        "tiny-emitter": "^2.1.0",
        "uuid": "^9.0.1"
      }
    },
    "node_modules/uuid": {
      "version": "9.0.1",
      "resolved": "https://registry.npmjs.org/uuid/-/uuid-9.0.1.tgz",
      "integrity": "sha512-b+1eJOlsR9K8HJpow9Ok3fiWOWSIcIzXodvv0rQjVoOVNpWMpxf1wZNpt4y9h10odCNrqnYp1OBzRktckBe3sA==",
      "funding": [
        "https://github.com/sponsors/broofa",
        "https://github.com/sponsors/ctavan"
      ],
      "license": "MIT",
      "bin": {
        "uuid": "dist/bin/uuid"
      }
    }
  }
}
